
Microsoft Visual Studio Solution File, Format Version 12.00
# Visual Studio Version 16
VisualStudioVersion = 16.0.33027.164
MinimumVisualStudioVersion = 10.0.40219.1
Project("{FAE04EC0-301F-11D3-BF4B-00C04F79EFBC}") = "FlashProductApi", "FlashProductApi\FlashProductApi.csproj", "{199CF480-12EB-4FBE-A885-C36D322F350D}"
EndProject
Global
	GlobalSection(SolutionConfigurationPlatforms) = preSolution
		Debug|Any CPU = Debug|Any CPU
		Release|Any CPU = Release|Any CPU
	EndGlobalSection
	GlobalSection(ProjectConfigurationPlatforms) = postSolution
		{199CF480-12EB-4FBE-A885-C36D322F350D}.Debug|Any CPU.ActiveCfg = Debug|Any CPU
		{199CF480-12EB-4FBE-A885-C36D322F350D}.Debug|Any CPU.Build.0 = Debug|Any CPU
		{199CF480-12EB-4FBE-A885-C36D322F350D}.Release|Any CPU.ActiveCfg = Release|Any CPU
		{199CF480-12EB-4FBE-A885-C36D322F350D}.Release|Any CPU.Build.0 = Release|Any CPU
	EndGlobalSection
	GlobalSection(SolutionProperties) = preSolution
		HideSolutionNode = FALSE
	EndGlobalSection
	GlobalSection(ExtensibilityGlobals) = postSolution
		SolutionGuid = {5EDF1670-4919-4CC5-BDF3-30F565555B55}
	EndGlobalSection
EndGlobal
